// !$*UTF8*$!
{
	archiveVersion = 1;
	classes = {
	};
	objectVersion = 50;
	objects = {

/* Begin PBXBuildFile section */
		01FD9B0E2686F2C100DABB36 /* AppDelegate.swift in Sources */ = {isa = PBXBuildFile; fileRef = 01FD9B0D2686F2C100DABB36 /* AppDelegate.swift */; };
		01FD9B102686F2C100DABB36 /* SceneDelegate.swift in Sources */ = {isa = PBXBuildFile; fileRef = 01FD9B0F2686F2C100DABB36 /* SceneDelegate.swift */; };
		01FD9B142686F2C400DABB36 /* Assets.xcassets in Resources */ = {isa = PBXBuildFile; fileRef = 01FD9B132686F2C400DABB36 /* Assets.xcassets */; };
		01FD9B172686F2C400DABB36 /* Preview Assets.xcassets in Resources */ = {isa = PBXBuildFile; fileRef = 01FD9B162686F2C400DABB36 /* Preview Assets.xcassets */; };
		01FD9B1A2686F2C400DABB36 /* LaunchScreen.storyboard in Resources */ = {isa = PBXBuildFile; fileRef = 01FD9B182686F2C400DABB36 /* LaunchScreen.storyboard */; };
		01FD9B222686F76600DABB36 /* FormattedTitle.swift in Sources */ = {isa = PBXBuildFile; fileRef = 01FD9B212686F76600DABB36 /* FormattedTitle.swift */; };
		01FD9B242686F8F700DABB36 /* Card.swift in Sources */ = {isa = PBXBuildFile; fileRef = 01FD9B232686F8F700DABB36 /* Card.swift */; };
		01FD9B2626870DC300DABB36 /* Color+Hexcode.swift in Sources */ = {isa = PBXBuildFile; fileRef = 01FD9B2526870DC300DABB36 /* Color+Hexcode.swift */; };
		01FD9B292687245700DABB36 /* CardFetcher.swift in Sources */ = {isa = PBXBuildFile; fileRef = 01FD9B282687245700DABB36 /* CardFetcher.swift */; };
		01FD9B2B26872AAF00DABB36 /* Parsing.swift in Sources */ = {isa = PBXBuildFile; fileRef = 01FD9B2A26872AAF00DABB36 /* Parsing.swift */; };
		01FD9B2D26872C9300DABB36 /* CardsViewModel.swift in Sources */ = {isa = PBXBuildFile; fileRef = 01FD9B2C26872C9300DABB36 /* CardsViewModel.swift */; };
		01FD9B312687515500DABB36 /* CardRow.swift in Sources */ = {isa = PBXBuildFile; fileRef = 01FD9B302687515500DABB36 /* CardRow.swift */; };
		01FD9B33268751C400DABB36 /* CardsView.swift in Sources */ = {isa = PBXBuildFile; fileRef = 01FD9B32268751C400DABB36 /* CardsView.swift */; };
		01FD9B352687731700DABB36 /* CardGroup.swift in Sources */ = {isa = PBXBuildFile; fileRef = 01FD9B342687731700DABB36 /* CardGroup.swift */; };
/* End PBXBuildFile section */

/* Begin PBXFileReference section */
		01FD9B0A2686F2C100DABB36 /* FamCards.app */ = {isa = PBXFileReference; explicitFileType = wrapper.application; includeInIndex = 0; path = FamCards.app; sourceTree = BUILT_PRODUCTS_DIR; };
		01FD9B0D2686F2C100DABB36 /* AppDelegate.swift */ = {isa = PBXFileReference; lastKnownFileType = sourcecode.swift; path = AppDelegate.swift; sourceTree = "<group>"; };
		01FD9B0F2686F2C100DABB36 /* SceneDelegate.swift */ = {isa = PBXFileReference; lastKnownFileType = sourcecode.swift; path = SceneDelegate.swift; sourceTree = "<group>"; };
		01FD9B132686F2C400DABB36 /* Assets.xcassets */ = {isa = PBXFileReference; lastKnownFileType = folder.assetcatalog; path = Assets.xcassets; sourceTree = "<group>"; };
		01FD9B162686F2C400DABB36 /* Preview Assets.xcassets */ = {isa = PBXFileReference; lastKnownFileType = folder.assetcatalog; path = "Preview Assets.xcassets"; sourceTree = "<group>"; };
		01FD9B192686F2C400DABB36 /* Base */ = {isa = PBXFileReference; lastKnownFileType = file.storyboard; name = Base; path = Base.lproj/LaunchScreen.storyboard; sourceTree = "<group>"; };
		01FD9B1B2686F2C400DABB36 /* Info.plist */ = {isa = PBXFileReference; lastKnownFileType = text.plist.xml; path = Info.plist; sourceTree = "<group>"; };
		01FD9B212686F76600DABB36 /* FormattedTitle.swift */ = {isa = PBXFileReference; lastKnownFileType = sourcecode.swift; path = FormattedTitle.swift; sourceTree = "<group>"; };
		01FD9B232686F8F700DABB36 /* Card.swift */ = {isa = PBXFileReference; lastKnownFileType = sourcecode.swift; path = Card.swift; sourceTree = "<group>"; };
		01FD9B2526870DC300DABB36 /* Color+Hexcode.swift */ = {isa = PBXFileReference; lastKnownFileType = sourcecode.swift; path = "Color+Hexcode.swift"; sourceTree = "<group>"; };
		01FD9B282687245700DABB36 /* CardFetcher.swift */ = {isa = PBXFileReference; lastKnownFileType = sourcecode.swift; path = CardFetcher.swift; sourceTree = "<group>"; };
		01FD9B2A26872AAF00DABB36 /* Parsing.swift */ = {isa = PBXFileReference; lastKnownFileType = sourcecode.swift; path = Parsing.swift; sourceTree = "<group>"; };
		01FD9B2C26872C9300DABB36 /* CardsViewModel.swift */ = {isa = PBXFileReference; lastKnownFileType = sourcecode.swift; path = CardsViewModel.swift; sourceTree = "<group>"; };
		01FD9B302687515500DABB36 /* CardRow.swift */ = {isa = PBXFileReference; lastKnownFileType = sourcecode.swift; path = CardRow.swift; sourceTree = "<group>"; };
		01FD9B32268751C400DABB36 /* CardsView.swift */ = {isa = PBXFileReference; lastKnownFileType = sourcecode.swift; path = CardsView.swift; sourceTree = "<group>"; };
		01FD9B342687731700DABB36 /* CardGroup.swift */ = {isa = PBXFileReference; lastKnownFileType = sourcecode.swift; path = CardGroup.swift; sourceTree = "<group>"; };
/* End PBXFileReference section */

/* Begin PBXFrameworksBuildPhase section */
		01FD9B072686F2C100DABB36 /* Frameworks */ = {
			isa = PBXFrameworksBuildPhase;
			buildActionMask = 2147483647;
			files = (
			);
			runOnlyForDeploymentPostprocessing = 0;
		};
/* End PBXFrameworksBuildPhase section */

/* Begin PBXGroup section */
		01FD9B012686F2C100DABB36 = {
			isa = PBXGroup;
			children = (
				01FD9B0C2686F2C100DABB36 /* FamCards */,
				01FD9B0B2686F2C100DABB36 /* Products */,
			);
			sourceTree = "<group>";
		};
		01FD9B0B2686F2C100DABB36 /* Products */ = {
			isa = PBXGroup;
			children = (
				01FD9B0A2686F2C100DABB36 /* FamCards.app */,
			);
			name = Products;
			sourceTree = "<group>";
		};
		01FD9B0C2686F2C100DABB36 /* FamCards */ = {
			isa = PBXGroup;
			children = (
				01FD9B27268718AC00DABB36 /* Model */,
				01FD9B3B26878F0400DABB36 /* ViewModel */,
				01FD9B3A26878EF200DABB36 /* View */,
				01FD9B3826878EC200DABB36 /* Utilities */,
				01FD9B152686F2C400DABB36 /* Preview Content */,
			);
			path = FamCards;
			sourceTree = "<group>";
		};
		01FD9B152686F2C400DABB36 /* Preview Content */ = {
			isa = PBXGroup;
			children = (
				01FD9B162686F2C400DABB36 /* Preview Assets.xcassets */,
			);
			path = "Preview Content";
			sourceTree = "<group>";
		};
		01FD9B27268718AC00DABB36 /* Model */ = {
			isa = PBXGroup;
			children = (
				01FD9B212686F76600DABB36 /* FormattedTitle.swift */,
				01FD9B232686F8F700DABB36 /* Card.swift */,
				01FD9B342687731700DABB36 /* CardGroup.swift */,
			);
			path = Model;
			sourceTree = "<group>";
		};
		01FD9B3626878E5400DABB36 /* Extension */ = {
			isa = PBXGroup;
			children = (
				01FD9B2526870DC300DABB36 /* Color+Hexcode.swift */,
			);
			path = Extension;
			sourceTree = "<group>";
		};
		01FD9B3726878EA500DABB36 /* Networking-API */ = {
			isa = PBXGroup;
			children = (
				01FD9B282687245700DABB36 /* CardFetcher.swift */,
				01FD9B2A26872AAF00DABB36 /* Parsing.swift */,
			);
			path = "Networking-API";
			sourceTree = "<group>";
		};
		01FD9B3826878EC200DABB36 /* Utilities */ = {
			isa = PBXGroup;
			children = (
				01FD9B3926878ED600DABB36 /* SupportingFiles */,
				01FD9B3626878E5400DABB36 /* Extension */,
				01FD9B3726878EA500DABB36 /* Networking-API */,
			);
			path = Utilities;
			sourceTree = "<group>";
		};
		01FD9B3926878ED600DABB36 /* SupportingFiles */ = {
			isa = PBXGroup;
			children = (
				01FD9B0D2686F2C100DABB36 /* AppDelegate.swift */,
				01FD9B0F2686F2C100DABB36 /* SceneDelegate.swift */,
				01FD9B182686F2C400DABB36 /* LaunchScreen.storyboard */,
				01FD9B1B2686F2C400DABB36 /* Info.plist */,
				01FD9B132686F2C400DABB36 /* Assets.xcassets */,
			);
			path = SupportingFiles;
			sourceTree = "<group>";
		};
		01FD9B3A26878EF200DABB36 /* View */ = {
			isa = PBXGroup;
			children = (
				01FD9B302687515500DABB36 /* CardRow.swift */,
				01FD9B32268751C400DABB36 /* CardsView.swift */,
			);
			path = View;
			sourceTree = "<group>";
		};
		01FD9B3B26878F0400DABB36 /* ViewModel */ = {
			isa = PBXGroup;
			children = (
				01FD9B2C26872C9300DABB36 /* CardsViewModel.swift */,
			);
			path = ViewModel;
			sourceTree = "<group>";
		};
/* End PBXGroup section */

/* Begin PBXNativeTarget section */
		01FD9B092686F2C100DABB36 /* FamCards */ = {
			isa = PBXNativeTarget;
			buildConfigurationList = 01FD9B1E2686F2C400DABB36 /* Build configuration list for PBXNativeTarget "FamCards" */;
			buildPhases = (
				01FD9B062686F2C100DABB36 /* Sources */,
				01FD9B072686F2C100DABB36 /* Frameworks */,
				01FD9B082686F2C100DABB36 /* Resources */,
			);
			buildRules = (
			);
			dependencies = (
			);
			name = FamCards;
			productName = FamCards;
			productReference = 01FD9B0A2686F2C100DABB36 /* FamCards.app */;
			productType = "com.apple.product-type.application";
		};
/* End PBXNativeTarget section */

/* Begin PBXProject section */
		01FD9B022686F2C100DABB36 /* Project object */ = {
			isa = PBXProject;
			attributes = {
				LastSwiftUpdateCheck = 1250;
				LastUpgradeCheck = 1250;
				TargetAttributes = {
					01FD9B092686F2C100DABB36 = {
						CreatedOnToolsVersion = 12.5;
					};
				};
			};
			buildConfigurationList = 01FD9B052686F2C100DABB36 /* Build configuration list for PBXProject "FamCards" */;
			compatibilityVersion = "Xcode 9.3";
			developmentRegion = en;
			hasScannedForEncodings = 0;
			knownRegions = (
				en,
				Base,
			);
			mainGroup = 01FD9B012686F2C100DABB36;
			productRefGroup = 01FD9B0B2686F2C100DABB36 /* Products */;
			projectDirPath = "";
			projectRoot = "";
			targets = (
				01FD9B092686F2C100DABB36 /* FamCards */,
			);
		};
/* End PBXProject section */

/* Begin PBXResourcesBuildPhase section */
		01FD9B082686F2C100DABB36 /* Resources */ = {
			isa = PBXResourcesBuildPhase;
			buildActionMask = 2147483647;
			files = (
				01FD9B1A2686F2C400DABB36 /* LaunchScreen.storyboard in Resources */,
				01FD9B172686F2C400DABB36 /* Preview Assets.xcassets in Resources */,
				01FD9B142686F2C400DABB36 /* Assets.xcassets in Resources */,
			);
			runOnlyForDeploymentPostprocessing = 0;
		};
/* End PBXResourcesBuildPhase section */

/* Begin PBXSourcesBuildPhase section */
		01FD9B062686F2C100DABB36 /* Sources */ = {
			isa = PBXSourcesBuildPhase;
			buildActionMask = 2147483647;
			files = (
				01FD9B0E2686F2C100DABB36 /* AppDelegate.swift in Sources */,
				01FD9B352687731700DABB36 /* CardGroup.swift in Sources */,
				01FD9B102686F2C100DABB36 /* SceneDelegate.swift in Sources */,
				01FD9B312687515500DABB36 /* CardRow.swift in Sources */,
				01FD9B242686F8F700DABB36 /* Card.swift in Sources */,
				01FD9B292687245700DABB36 /* CardFetcher.swift in Sources */,
				01FD9B33268751C400DABB36 /* CardsView.swift in Sources */,
				01FD9B2B26872AAF00DABB36 /* Parsing.swift in Sources */,
				01FD9B2D26872C9300DABB36 /* CardsViewModel.swift in Sources */,
				01FD9B222686F76600DABB36 /* FormattedTitle.swift in Sources */,
				01FD9B2626870DC300DABB36 /* Color+Hexcode.swift in Sources */,
			);
			runOnlyForDeploymentPostprocessing = 0;
		};
/* End PBXSourcesBuildPhase section */

/* Begin PBXVariantGroup section */
		01FD9B182686F2C400DABB36 /* LaunchScreen.storyboard */ = {
			isa = PBXVariantGroup;
			children = (
				01FD9B192686F2C400DABB36 /* Base */,
			);
			name = LaunchScreen.storyboard;
			sourceTree = "<group>";
		};
/* End PBXVariantGroup section */

/* Begin XCBuildConfiguration section */
		01FD9B1C2686F2C400DABB36 /* Debug */ = {
			isa = XCBuildConfiguration;
			buildSettings = {
				ALWAYS_SEARCH_USER_PATHS = NO;
				CLANG_ANALYZER_NONNULL = YES;
				CLANG_ANALYZER_NUMBER_OBJECT_CONVERSION = YES_AGGRESSIVE;
				CLANG_CXX_LANGUAGE_STANDARD = "gnu++14";
				CLANG_CXX_LIBRARY = "libc++";
				CLANG_ENABLE_MODULES = YES;
				CLANG_ENABLE_OBJC_ARC = YES;
				CLANG_ENABLE_OBJC_WEAK = YES;
				CLANG_WARN_BLOCK_CAPTURE_AUTORELEASING = YES;
				CLANG_WARN_BOOL_CONVERSION = YES;
				CLANG_WARN_COMMA = YES;
				CLANG_WARN_CONSTANT_CONVERSION = YES;
				CLANG_WARN_DEPRECATED_OBJC_IMPLEMENTATIONS = YES;
				CLANG_WARN_DIRECT_OBJC_ISA_USAGE = YES_ERROR;
				CLANG_WARN_DOCUMENTATION_COMMENTS = YES;
				CLANG_WARN_EMPTY_BODY = YES;
				CLANG_WARN_ENUM_CONVERSION = YES;
				CLANG_WARN_INFINITE_RECURSION = YES;
				CLANG_WARN_INT_CONVERSION = YES;
				CLANG_WARN_NON_LITERAL_NULL_CONVERSION = YES;
				CLANG_WARN_OBJC_IMPLICIT_RETAIN_SELF = YES;
				CLANG_WARN_OBJC_LITERAL_CONVERSION = YES;
				CLANG_WARN_OBJC_ROOT_CLASS = YES_ERROR;
				CLANG_WARN_QUOTED_INCLUDE_IN_FRAMEWORK_HEADER = YES;
				CLANG_WARN_RANGE_LOOP_ANALYSIS = YES;
				CLANG_WARN_STRICT_PROTOTYPES = YES;
				CLANG_WARN_SUSPICIOUS_MOVE = YES;
				CLANG_WARN_UNGUARDED_AVAILABILITY = YES_AGGRESSIVE;
				CLANG_WARN_UNREACHABLE_CODE = YES;
				CLANG_WARN__DUPLICATE_METHOD_MATCH = YES;
				COPY_PHASE_STRIP = NO;
				DEBUG_INFORMATION_FORMAT = dwarf;
				ENABLE_STRICT_OBJC_MSGSEND = YES;
				ENABLE_TESTABILITY = YES;
				GCC_C_LANGUAGE_STANDARD = gnu11;
				GCC_DYNAMIC_NO_PIC = NO;
				GCC_NO_COMMON_BLOCKS = YES;
				GCC_OPTIMIZATION_LEVEL = 0;
				GCC_PREPROCESSOR_DEFINITIONS = (
					"DEBUG=1",
					"$(inherited)",
				);
				GCC_WARN_64_TO_32_BIT_CONVERSION = YES;
				GCC_WARN_ABOUT_RETURN_TYPE = YES_ERROR;
				GCC_WARN_UNDECLARED_SELECTOR = YES;
				GCC_WARN_UNINITIALIZED_AUTOS = YES_AGGRESSIVE;
				GCC_WARN_UNUSED_FUNCTION = YES;
				GCC_WARN_UNUSED_VARIABLE = YES;
				IPHONEOS_DEPLOYMENT_TARGET = 14.5;
				MTL_ENABLE_DEBUG_INFO = INCLUDE_SOURCE;
				MTL_FAST_MATH = YES;
				ONLY_ACTIVE_ARCH = YES;
				SDKROOT = iphoneos;
				SWIFT_ACTIVE_COMPILATION_CONDITIONS = DEBUG;
				SWIFT_OPTIMIZATION_LEVEL = "-Onone";
			};
			name = Debug;
		};
		01FD9B1D2686F2C400DABB36 /* Release */ = {
			isa = XCBuildConfiguration;
			buildSettings = {
				ALWAYS_SEARCH_USER_PATHS = NO;
				CLANG_ANALYZER_NONNULL = YES;
				CLANG_ANALYZER_NUMBER_OBJECT_CONVERSION = YES_AGGRESSIVE;
				CLANG_CXX_LANGUAGE_STANDARD = "gnu++14";
				CLANG_CXX_LIBRARY = "libc++";
				CLANG_ENABLE_MODULES = YES;
				CLANG_ENABLE_OBJC_ARC = YES;
				CLANG_ENABLE_OBJC_WEAK = YES;
				CLANG_WARN_BLOCK_CAPTURE_AUTORELEASING = YES;
				CLANG_WARN_BOOL_CONVERSION = YES;
				CLANG_WARN_COMMA = YES;
				CLANG_WARN_CONSTANT_CONVERSION = YES;
				CLANG_WARN_DEPRECATED_OBJC_IMPLEMENTATIONS = YES;
				CLANG_WARN_DIRECT_OBJC_ISA_USAGE = YES_ERROR;
				CLANG_WARN_DOCUMENTATION_COMMENTS = YES;
				CLANG_WARN_EMPTY_BODY = YES;
				CLANG_WARN_ENUM_CONVERSION = YES;
				CLANG_WARN_INFINITE_RECURSION = YES;
				CLANG_WARN_INT_CONVERSION = YES;
				CLANG_WARN_NON_LITERAL_NULL_CONVERSION = YES;
				CLANG_WARN_OBJC_IMPLICIT_RETAIN_SELF = YES;
				CLANG_WARN_OBJC_LITERAL_CONVERSION = YES;
				CLANG_WARN_OBJC_ROOT_CLASS = YES_ERROR;
				CLANG_WARN_QUOTED_INCLUDE_IN_FRAMEWORK_HEADER = YES;
				CLANG_WARN_RANGE_LOOP_ANALYSIS = YES;
				CLANG_WARN_STRICT_PROTOTYPES = YES;
				CLANG_WARN_SUSPICIOUS_MOVE = YES;
				CLANG_WARN_UNGUARDED_AVAILABILITY = YES_AGGRESSIVE;
				CLANG_WARN_UNREACHABLE_CODE = YES;
				CLANG_WARN__DUPLICATE_METHOD_MATCH = YES;
				COPY_PHASE_STRIP = NO;
				DEBUG_INFORMATION_FORMAT = "dwarf-with-dsym";
				ENABLE_NS_ASSERTIONS = NO;
				ENABLE_STRICT_OBJC_MSGSEND = YES;
				GCC_C_LANGUAGE_STANDARD = gnu11;
				GCC_NO_COMMON_BLOCKS = YES;
				GCC_WARN_64_TO_32_BIT_CONVERSION = YES;
				GCC_WARN_ABOUT_RETURN_TYPE = YES_ERROR;
				GCC_WARN_UNDECLARED_SELECTOR = YES;
				GCC_WARN_UNINITIALIZED_AUTOS = YES_AGGRESSIVE;
				GCC_WARN_UNUSED_FUNCTION = YES;
				GCC_WARN_UNUSED_VARIABLE = YES;
				IPHONEOS_DEPLOYMENT_TARGET = 14.5;
				MTL_ENABLE_DEBUG_INFO = NO;
				MTL_FAST_MATH = YES;
				SDKROOT = iphoneos;
				SWIFT_COMPILATION_MODE = wholemodule;
				SWIFT_OPTIMIZATION_LEVEL = "-O";
				VALIDATE_PRODUCT = YES;
			};
			name = Release;
		};
		01FD9B1F2686F2C400DABB36 /* Debug */ = {
			isa = XCBuildConfiguration;
			buildSettings = {
				ASSETCATALOG_COMPILER_APPICON_NAME = AppIcon;
				ASSETCATALOG_COMPILER_GLOBAL_ACCENT_COLOR_NAME = AccentColor;
				CODE_SIGN_STYLE = Automatic;
				DEVELOPMENT_ASSET_PATHS = "\"FamCards/Preview Content\"";
				DEVELOPMENT_TEAM = 3374LUCZSY;
				ENABLE_PREVIEWS = YES;
				INFOPLIST_FILE = FamCards/Info.plist;
				LD_RUNPATH_SEARCH_PATHS = (
					"$(inherited)",
					"@executable_path/Frameworks",
				);
				PRODUCT_BUNDLE_IDENTIFIER = com.garimabothra.FamCards;
				PRODUCT_NAME = "$(TARGET_NAME)";
				SWIFT_VERSION = 5.0;
				TARGETED_DEVICE_FAMILY = "1,2";
			};
			name = Debug;
		};
		01FD9B202686F2C400DABB36 /* Release */ = {
			isa = XCBuildConfiguration;
			buildSettings = {
				ASSETCATALOG_COMPILER_APPICON_NAME = AppIcon;
				ASSETCATALOG_COMPILER_GLOBAL_ACCENT_COLOR_NAME = AccentColor;
				CODE_SIGN_STYLE = Automatic;
				DEVELOPMENT_ASSET_PATHS = "\"FamCards/Preview Content\"";
				DEVELOPMENT_TEAM = 3374LUCZSY;
				ENABLE_PREVIEWS = YES;
				INFOPLIST_FILE = FamCards/Info.plist;
				LD_RUNPATH_SEARCH_PATHS = (
					"$(inherited)",
					"@executable_path/Frameworks",
				);
				PRODUCT_BUNDLE_IDENTIFIER = com.garimabothra.FamCards;
				PRODUCT_NAME = "$(TARGET_NAME)";
				SWIFT_VERSION = 5.0;
				TARGETED_DEVICE_FAMILY = "1,2";
			};
			name = Release;
		};
/* End XCBuildConfiguration section */

/* Begin XCConfigurationList section */
		01FD9B052686F2C100DABB36 /* Build configuration list for PBXProject "FamCards" */ = {
			isa = XCConfigurationList;
			buildConfigurations = (
				01FD9B1C2686F2C400DABB36 /* Debug */,
				01FD9B1D2686F2C400DABB36 /* Release */,
			);
			defaultConfigurationIsVisible = 0;
			defaultConfigurationName = Release;
		};
		01FD9B1E2686F2C400DABB36 /* Build configuration list for PBXNativeTarget "FamCards" */ = {
			isa = XCConfigurationList;
			buildConfigurations = (
				01FD9B1F2686F2C400DABB36 /* Debug */,
				01FD9B202686F2C400DABB36 /* Release */,
			);
			defaultConfigurationIsVisible = 0;
			defaultConfigurationName = Release;
		};
/* End XCConfigurationList section */
	};
	rootObject = 01FD9B022686F2C100DABB36 /* Project object */;
}
